
Microsoft Visual Studio Solution File, Format Version 12.00
# Visual Studio Version 17
VisualStudioVersion = 17.14.36717.8
MinimumVisualStudioVersion = 10.0.40219.1
Project("{2150E333-8FDC-42A3-9474-1A3956D46DE8}") = "Website", "Website", "{02EA681E-C7D8-13C7-8484-4AC65E1B71E8}"
EndProject
Project("{2150E333-8FDC-42A3-9474-1A3956D46DE8}") = "Application", "Application", "{603BDA40-308C-40FF-8A9E-0BB664997B1A}"
EndProject
Project("{2150E333-8FDC-42A3-9474-1A3956D46DE8}") = "Infrastructure", "Infrastructure", "{D324163B-C611-4CF9-80F8-75379D77F01B}"
EndProject
Project("{FAE04EC0-301F-11D3-BF4B-00C04F79EFBC}") = "WeatherReportGenerator.Web", "WeatherReportGenerator.Web\WeatherReportGenerator.Web.csproj", "{F90537EF-204A-4451-919A-104CCE230A21}"
EndProject
Project("{FAE04EC0-301F-11D3-BF4B-00C04F79EFBC}") = "WeatherReportGenerator.Infrastructure", "WeatherReportGenerator.Infrastructure\WeatherReportGenerator.Infrastructure.csproj", "{A770B602-3BBB-4F90-AA66-49C6012A2525}"
EndProject
Project("{FAE04EC0-301F-11D3-BF4B-00C04F79EFBC}") = "WeatherReportGenerator.Application", "WeatherReportGenerator.Application\WeatherReportGenerator.Application.csproj", "{B4BD8C31-D8E9-40AC-A611-B647E3553446}"
EndProject
Project("{2150E333-8FDC-42A3-9474-1A3956D46DE8}") = "UnitTests", "UnitTests", "{3EAB82AF-A229-44EE-819D-509259600970}"
EndProject
Project("{FAE04EC0-301F-11D3-BF4B-00C04F79EFBC}") = "WeatherReportGenerator.Tests", "WeatherReportGenerator.Tests\WeatherReportGenerator.Tests.csproj", "{CDD77A30-EF2D-4F7D-A208-CDFE901FF9F2}"
EndProject
Global
	GlobalSection(SolutionConfigurationPlatforms) = preSolution
		Debug|Any CPU = Debug|Any CPU
		Release|Any CPU = Release|Any CPU
	EndGlobalSection
	GlobalSection(ProjectConfigurationPlatforms) = postSolution
		{F90537EF-204A-4451-919A-104CCE230A21}.Debug|Any CPU.ActiveCfg = Debug|Any CPU
		{F90537EF-204A-4451-919A-104CCE230A21}.Debug|Any CPU.Build.0 = Debug|Any CPU
		{F90537EF-204A-4451-919A-104CCE230A21}.Release|Any CPU.ActiveCfg = Release|Any CPU
		{F90537EF-204A-4451-919A-104CCE230A21}.Release|Any CPU.Build.0 = Release|Any CPU
		{A770B602-3BBB-4F90-AA66-49C6012A2525}.Debug|Any CPU.ActiveCfg = Debug|Any CPU
		{A770B602-3BBB-4F90-AA66-49C6012A2525}.Debug|Any CPU.Build.0 = Debug|Any CPU
		{A770B602-3BBB-4F90-AA66-49C6012A2525}.Release|Any CPU.ActiveCfg = Release|Any CPU
		{A770B602-3BBB-4F90-AA66-49C6012A2525}.Release|Any CPU.Build.0 = Release|Any CPU
		{B4BD8C31-D8E9-40AC-A611-B647E3553446}.Debug|Any CPU.ActiveCfg = Debug|Any CPU
		{B4BD8C31-D8E9-40AC-A611-B647E3553446}.Debug|Any CPU.Build.0 = Debug|Any CPU
		{B4BD8C31-D8E9-40AC-A611-B647E3553446}.Release|Any CPU.ActiveCfg = Release|Any CPU
		{B4BD8C31-D8E9-40AC-A611-B647E3553446}.Release|Any CPU.Build.0 = Release|Any CPU
		{CDD77A30-EF2D-4F7D-A208-CDFE901FF9F2}.Debug|Any CPU.ActiveCfg = Debug|Any CPU
		{CDD77A30-EF2D-4F7D-A208-CDFE901FF9F2}.Debug|Any CPU.Build.0 = Debug|Any CPU
		{CDD77A30-EF2D-4F7D-A208-CDFE901FF9F2}.Release|Any CPU.ActiveCfg = Release|Any CPU
		{CDD77A30-EF2D-4F7D-A208-CDFE901FF9F2}.Release|Any CPU.Build.0 = Release|Any CPU
	EndGlobalSection
	GlobalSection(SolutionProperties) = preSolution
		HideSolutionNode = FALSE
	EndGlobalSection
	GlobalSection(NestedProjects) = preSolution
		{F90537EF-204A-4451-919A-104CCE230A21} = {02EA681E-C7D8-13C7-8484-4AC65E1B71E8}
		{A770B602-3BBB-4F90-AA66-49C6012A2525} = {D324163B-C611-4CF9-80F8-75379D77F01B}
		{B4BD8C31-D8E9-40AC-A611-B647E3553446} = {603BDA40-308C-40FF-8A9E-0BB664997B1A}
		{CDD77A30-EF2D-4F7D-A208-CDFE901FF9F2} = {3EAB82AF-A229-44EE-819D-509259600970}
	EndGlobalSection
	GlobalSection(ExtensibilityGlobals) = postSolution
		SolutionGuid = {6B428752-E304-482A-830A-BC0F49B752AF}
	EndGlobalSection
EndGlobal
